// !$*UTF8*$!
{
	archiveVersion = 1;
	classes = {
	};
	objectVersion = 70;
	objects = {

/* Begin PBXBuildFile section */
		1A0624F32CE1AEA300B2E41F /* AddItemToGroceriesIntent.swift in Sources */ = {isa = PBXBuildFile; fileRef = 1A0624F22CE1AEA300B2E41F /* AddItemToGroceriesIntent.swift */; };
		1A4964E12CDF1E5800D9DCD6 /* RemoveAllGroceriesIntent.swift in Sources */ = {isa = PBXBuildFile; fileRef = 1A4964E02CDF1E5800D9DCD6 /* RemoveAllGroceriesIntent.swift */; };
		1A6E4B902C54E28A009DCB5B /* GroceriesApp.swift in Sources */ = {isa = PBXBuildFile; fileRef = 1A6E4B8F2C54E28A009DCB5B /* GroceriesApp.swift */; };
		1A6E4B922C54E28A009DCB5B /* ContentView.swift in Sources */ = {isa = PBXBuildFile; fileRef = 1A6E4B912C54E28A009DCB5B /* ContentView.swift */; };
		1A6E4B942C54E28A009DCB5B /* GroceryItem.swift in Sources */ = {isa = PBXBuildFile; fileRef = 1A6E4B932C54E28A009DCB5B /* GroceryItem.swift */; };
		1A6E4B962C54E28E009DCB5B /* Assets.xcassets in Resources */ = {isa = PBXBuildFile; fileRef = 1A6E4B952C54E28E009DCB5B /* Assets.xcassets */; };
		1A6E4B9A2C54E28E009DCB5B /* Preview Assets.xcassets in Resources */ = {isa = PBXBuildFile; fileRef = 1A6E4B992C54E28E009DCB5B /* Preview Assets.xcassets */; };
		1A9D3DE92C562EEF0063F010 /* ShowGroceriesIntent.swift in Sources */ = {isa = PBXBuildFile; fileRef = 1A9D3DE82C562EEF0063F010 /* ShowGroceriesIntent.swift */; };
		1A9D3DEB2C563CFA0063F010 /* GroceriesAppShortcutProvider.swift in Sources */ = {isa = PBXBuildFile; fileRef = 1A9D3DEA2C563CFA0063F010 /* GroceriesAppShortcutProvider.swift */; };
		1AA2C3482CEC29E90095B65F /* WidgetKit.framework in Frameworks */ = {isa = PBXBuildFile; fileRef = 1AA2C3472CEC29E90095B65F /* WidgetKit.framework */; };
		1AA2C34A2CEC29E90095B65F /* SwiftUI.framework in Frameworks */ = {isa = PBXBuildFile; fileRef = 1AA2C3492CEC29E90095B65F /* SwiftUI.framework */; };
		1AA2C3562CEC29EA0095B65F /* GroceriesWidgetExtensionExtension.appex in Embed Foundation Extensions */ = {isa = PBXBuildFile; fileRef = 1AA2C3452CEC29E90095B65F /* GroceriesWidgetExtensionExtension.appex */; settings = {ATTRIBUTES = (RemoveHeadersOnCopy, ); }; };
		1AC8EC642CD64F0800ADA919 /* GroceryLoader.swift in Sources */ = {isa = PBXBuildFile; fileRef = 1AC8EC632CD64F0800ADA919 /* GroceryLoader.swift */; };
		1AC8EC672CD64F5100ADA919 /* LocalGroceryLoader.swift in Sources */ = {isa = PBXBuildFile; fileRef = 1AC8EC662CD64F5100ADA919 /* LocalGroceryLoader.swift */; };
		1AC8EC6A2CD64FCE00ADA919 /* GroceriesViewModel.swift in Sources */ = {isa = PBXBuildFile; fileRef = 1AC8EC692CD64FCE00ADA919 /* GroceriesViewModel.swift */; };
		1AC8EC6C2CD6536700ADA919 /* GroceryDeleter.swift in Sources */ = {isa = PBXBuildFile; fileRef = 1AC8EC6B2CD6536700ADA919 /* GroceryDeleter.swift */; };
		1AC8EC6E2CD6537A00ADA919 /* LocalGroceryDeleter.swift in Sources */ = {isa = PBXBuildFile; fileRef = 1AC8EC6D2CD6537A00ADA919 /* LocalGroceryDeleter.swift */; };
		1AC8EC702CD65BA900ADA919 /* LocalGroceryAdder.swift in Sources */ = {isa = PBXBuildFile; fileRef = 1AC8EC6F2CD65BA900ADA919 /* LocalGroceryAdder.swift */; };
		1AC8EC722CD65BEC00ADA919 /* GroceryAdder.swift in Sources */ = {isa = PBXBuildFile; fileRef = 1AC8EC712CD65BEC00ADA919 /* GroceryAdder.swift */; };
		1AC8EC742CD6658F00ADA919 /* OpenGroceriesIntentViewModel.swift in Sources */ = {isa = PBXBuildFile; fileRef = 1AC8EC732CD6658F00ADA919 /* OpenGroceriesIntentViewModel.swift */; };
/* End PBXBuildFile section */

/* Begin PBXContainerItemProxy section */
		1A1C51272CE44B2700EC84AA /* PBXContainerItemProxy */ = {
			isa = PBXContainerItemProxy;
			containerPortal = 1A6E4B842C54E28A009DCB5B /* Project object */;
			proxyType = 1;
			remoteGlobalIDString = 1A6E4B8B2C54E28A009DCB5B;
			remoteInfo = Groceries;
		};
		1AA2C3542CEC29EA0095B65F /* PBXContainerItemProxy */ = {
			isa = PBXContainerItemProxy;
			containerPortal = 1A6E4B842C54E28A009DCB5B /* Project object */;
			proxyType = 1;
			remoteGlobalIDString = 1AA2C3442CEC29E90095B65F;
			remoteInfo = GroceriesWidgetExtensionExtension;
		};
/* End PBXContainerItemProxy section */

/* Begin PBXCopyFilesBuildPhase section */
		1AA2C3572CEC29EA0095B65F /* Embed Foundation Extensions */ = {
			isa = PBXCopyFilesBuildPhase;
			buildActionMask = 2147483647;
			dstPath = "";
			dstSubfolderSpec = 13;
			files = (
				1AA2C3562CEC29EA0095B65F /* GroceriesWidgetExtensionExtension.appex in Embed Foundation Extensions */,
			);
			name = "Embed Foundation Extensions";
			runOnlyForDeploymentPostprocessing = 0;
		};
/* End PBXCopyFilesBuildPhase section */

/* Begin PBXFileReference section */
		1A0624F22CE1AEA300B2E41F /* AddItemToGroceriesIntent.swift */ = {isa = PBXFileReference; lastKnownFileType = sourcecode.swift; path = AddItemToGroceriesIntent.swift; sourceTree = "<group>"; };
		1A1C51232CE44B2700EC84AA /* GroceriesTests.xctest */ = {isa = PBXFileReference; explicitFileType = wrapper.cfbundle; includeInIndex = 0; path = GroceriesTests.xctest; sourceTree = BUILT_PRODUCTS_DIR; };
		1A4964E02CDF1E5800D9DCD6 /* RemoveAllGroceriesIntent.swift */ = {isa = PBXFileReference; lastKnownFileType = sourcecode.swift; path = RemoveAllGroceriesIntent.swift; sourceTree = "<group>"; };
		1A6E4B8C2C54E28A009DCB5B /* Groceries.app */ = {isa = PBXFileReference; explicitFileType = wrapper.application; includeInIndex = 0; path = Groceries.app; sourceTree = BUILT_PRODUCTS_DIR; };
		1A6E4B8F2C54E28A009DCB5B /* GroceriesApp.swift */ = {isa = PBXFileReference; lastKnownFileType = sourcecode.swift; path = GroceriesApp.swift; sourceTree = "<group>"; };
		1A6E4B912C54E28A009DCB5B /* ContentView.swift */ = {isa = PBXFileReference; lastKnownFileType = sourcecode.swift; path = ContentView.swift; sourceTree = "<group>"; };
		1A6E4B932C54E28A009DCB5B /* GroceryItem.swift */ = {isa = PBXFileReference; lastKnownFileType = sourcecode.swift; path = GroceryItem.swift; sourceTree = "<group>"; };
		1A6E4B952C54E28E009DCB5B /* Assets.xcassets */ = {isa = PBXFileReference; lastKnownFileType = folder.assetcatalog; path = Assets.xcassets; sourceTree = "<group>"; };
		1A6E4B972C54E28E009DCB5B /* Groceries.entitlements */ = {isa = PBXFileReference; lastKnownFileType = text.plist.entitlements; path = Groceries.entitlements; sourceTree = "<group>"; };
		1A6E4B992C54E28E009DCB5B /* Preview Assets.xcassets */ = {isa = PBXFileReference; lastKnownFileType = folder.assetcatalog; path = "Preview Assets.xcassets"; sourceTree = "<group>"; };
		1A9D3DE82C562EEF0063F010 /* ShowGroceriesIntent.swift */ = {isa = PBXFileReference; lastKnownFileType = sourcecode.swift; path = ShowGroceriesIntent.swift; sourceTree = "<group>"; };
		1A9D3DEA2C563CFA0063F010 /* GroceriesAppShortcutProvider.swift */ = {isa = PBXFileReference; lastKnownFileType = sourcecode.swift; path = GroceriesAppShortcutProvider.swift; sourceTree = "<group>"; };
		1AA2C3452CEC29E90095B65F /* GroceriesWidgetExtensionExtension.appex */ = {isa = PBXFileReference; explicitFileType = "wrapper.app-extension"; includeInIndex = 0; path = GroceriesWidgetExtensionExtension.appex; sourceTree = BUILT_PRODUCTS_DIR; };
		1AA2C3472CEC29E90095B65F /* WidgetKit.framework */ = {isa = PBXFileReference; lastKnownFileType = wrapper.framework; name = WidgetKit.framework; path = /System/Library/Frameworks/WidgetKit.framework; sourceTree = "<absolute>"; };
		1AA2C3492CEC29E90095B65F /* SwiftUI.framework */ = {isa = PBXFileReference; lastKnownFileType = wrapper.framework; name = SwiftUI.framework; path = /System/Library/Frameworks/SwiftUI.framework; sourceTree = "<absolute>"; };
		1AC8EC632CD64F0800ADA919 /* GroceryLoader.swift */ = {isa = PBXFileReference; lastKnownFileType = sourcecode.swift; path = GroceryLoader.swift; sourceTree = "<group>"; };
		1AC8EC662CD64F5100ADA919 /* LocalGroceryLoader.swift */ = {isa = PBXFileReference; lastKnownFileType = sourcecode.swift; path = LocalGroceryLoader.swift; sourceTree = "<group>"; };
		1AC8EC692CD64FCE00ADA919 /* GroceriesViewModel.swift */ = {isa = PBXFileReference; lastKnownFileType = sourcecode.swift; path = GroceriesViewModel.swift; sourceTree = "<group>"; };
		1AC8EC6B2CD6536700ADA919 /* GroceryDeleter.swift */ = {isa = PBXFileReference; lastKnownFileType = sourcecode.swift; path = GroceryDeleter.swift; sourceTree = "<group>"; };
		1AC8EC6D2CD6537A00ADA919 /* LocalGroceryDeleter.swift */ = {isa = PBXFileReference; lastKnownFileType = sourcecode.swift; path = LocalGroceryDeleter.swift; sourceTree = "<group>"; };
		1AC8EC6F2CD65BA900ADA919 /* LocalGroceryAdder.swift */ = {isa = PBXFileReference; lastKnownFileType = sourcecode.swift; path = LocalGroceryAdder.swift; sourceTree = "<group>"; };
		1AC8EC712CD65BEC00ADA919 /* GroceryAdder.swift */ = {isa = PBXFileReference; lastKnownFileType = sourcecode.swift; path = GroceryAdder.swift; sourceTree = "<group>"; };
		1AC8EC732CD6658F00ADA919 /* OpenGroceriesIntentViewModel.swift */ = {isa = PBXFileReference; lastKnownFileType = sourcecode.swift; path = OpenGroceriesIntentViewModel.swift; sourceTree = "<group>"; };
/* End PBXFileReference section */

/* Begin PBXFileSystemSynchronizedBuildFileExceptionSet section */
		1AA2C35A2CEC29EA0095B65F /* PBXFileSystemSynchronizedBuildFileExceptionSet */ = {
			isa = PBXFileSystemSynchronizedBuildFileExceptionSet;
			membershipExceptions = (
				Info.plist,
			);
			target = 1AA2C3442CEC29E90095B65F /* GroceriesWidgetExtensionExtension */;
		};
/* End PBXFileSystemSynchronizedBuildFileExceptionSet section */

/* Begin PBXFileSystemSynchronizedRootGroup section */
		1A1C51242CE44B2700EC84AA /* GroceriesTests */ = {isa = PBXFileSystemSynchronizedRootGroup; explicitFileTypes = {}; explicitFolders = (); path = GroceriesTests; sourceTree = "<group>"; };
		1AA2C34B2CEC29E90095B65F /* GroceriesWidgetExtension */ = {isa = PBXFileSystemSynchronizedRootGroup; exceptions = (1AA2C35A2CEC29EA0095B65F /* PBXFileSystemSynchronizedBuildFileExceptionSet */, ); explicitFileTypes = {}; explicitFolders = (); path = GroceriesWidgetExtension; sourceTree = "<group>"; };
/* End PBXFileSystemSynchronizedRootGroup section */

/* Begin PBXFrameworksBuildPhase section */
		1A1C51202CE44B2700EC84AA /* Frameworks */ = {
			isa = PBXFrameworksBuildPhase;
			buildActionMask = 2147483647;
			files = (
			);
			runOnlyForDeploymentPostprocessing = 0;
		};
		1A6E4B892C54E28A009DCB5B /* Frameworks */ = {
			isa = PBXFrameworksBuildPhase;
			buildActionMask = 2147483647;
			files = (
			);
			runOnlyForDeploymentPostprocessing = 0;
		};
		1AA2C3422CEC29E90095B65F /* Frameworks */ = {
			isa = PBXFrameworksBuildPhase;
			buildActionMask = 2147483647;
			files = (
				1AA2C34A2CEC29E90095B65F /* SwiftUI.framework in Frameworks */,
				1AA2C3482CEC29E90095B65F /* WidgetKit.framework in Frameworks */,
			);
			runOnlyForDeploymentPostprocessing = 0;
		};
/* End PBXFrameworksBuildPhase section */

/* Begin PBXGroup section */
		1A0624F12CE1AE6900B2E41F /* AddItemToGroceries */ = {
			isa = PBXGroup;
			children = (
				1A0624F22CE1AEA300B2E41F /* AddItemToGroceriesIntent.swift */,
			);
			path = AddItemToGroceries;
			sourceTree = "<group>";
		};
		1A4964DF2CDF1E3000D9DCD6 /* RemoveAllGroceries */ = {
			isa = PBXGroup;
			children = (
				1A4964E02CDF1E5800D9DCD6 /* RemoveAllGroceriesIntent.swift */,
			);
			path = RemoveAllGroceries;
			sourceTree = "<group>";
		};
		1A6E4B832C54E28A009DCB5B = {
			isa = PBXGroup;
			children = (
				1A6E4B8E2C54E28A009DCB5B /* Groceries */,
				1A1C51242CE44B2700EC84AA /* GroceriesTests */,
				1AA2C34B2CEC29E90095B65F /* GroceriesWidgetExtension */,
				1AA2C3462CEC29E90095B65F /* Frameworks */,
				1A6E4B8D2C54E28A009DCB5B /* Products */,
			);
			sourceTree = "<group>";
		};
		1A6E4B8D2C54E28A009DCB5B /* Products */ = {
			isa = PBXGroup;
			children = (
				1A6E4B8C2C54E28A009DCB5B /* Groceries.app */,
				1A1C51232CE44B2700EC84AA /* GroceriesTests.xctest */,
				1AA2C3452CEC29E90095B65F /* GroceriesWidgetExtensionExtension.appex */,
			);
			name = Products;
			sourceTree = "<group>";
		};
		1A6E4B8E2C54E28A009DCB5B /* Groceries */ = {
			isa = PBXGroup;
			children = (
				1AC8EC652CD64F3C00ADA919 /* Store */,
				1AC8EC622CD64EC500ADA919 /* Domain */,
				1AC8EC682CD64FB000ADA919 /* View */,
				1A9D3DE72C562ED40063F010 /* AppIntents */,
				1A6E4B8F2C54E28A009DCB5B /* GroceriesApp.swift */,
				1A6E4B952C54E28E009DCB5B /* Assets.xcassets */,
				1A6E4B972C54E28E009DCB5B /* Groceries.entitlements */,
				1A6E4B982C54E28E009DCB5B /* Preview Content */,
			);
			path = Groceries;
			sourceTree = "<group>";
		};
		1A6E4B982C54E28E009DCB5B /* Preview Content */ = {
			isa = PBXGroup;
			children = (
				1A6E4B992C54E28E009DCB5B /* Preview Assets.xcassets */,
			);
			path = "Preview Content";
			sourceTree = "<group>";
		};
		1A9D3DE72C562ED40063F010 /* AppIntents */ = {
			isa = PBXGroup;
			children = (
				1A0624F12CE1AE6900B2E41F /* AddItemToGroceries */,
				1A4964DF2CDF1E3000D9DCD6 /* RemoveAllGroceries */,
				1A9D3DE82C562EEF0063F010 /* ShowGroceriesIntent.swift */,
				1AC8EC732CD6658F00ADA919 /* OpenGroceriesIntentViewModel.swift */,
				1A9D3DEA2C563CFA0063F010 /* GroceriesAppShortcutProvider.swift */,
			);
			path = AppIntents;
			sourceTree = "<group>";
		};
		1AA2C3462CEC29E90095B65F /* Frameworks */ = {
			isa = PBXGroup;
			children = (
				1AA2C3472CEC29E90095B65F /* WidgetKit.framework */,
				1AA2C3492CEC29E90095B65F /* SwiftUI.framework */,
			);
			name = Frameworks;
			sourceTree = "<group>";
		};
		1AC8EC622CD64EC500ADA919 /* Domain */ = {
			isa = PBXGroup;
			children = (
				1A6E4B932C54E28A009DCB5B /* GroceryItem.swift */,
				1AC8EC632CD64F0800ADA919 /* GroceryLoader.swift */,
				1AC8EC6B2CD6536700ADA919 /* GroceryDeleter.swift */,
				1AC8EC712CD65BEC00ADA919 /* GroceryAdder.swift */,
			);
			path = Domain;
			sourceTree = "<group>";
		};
		1AC8EC652CD64F3C00ADA919 /* Store */ = {
			isa = PBXGroup;
			children = (
				1AC8EC662CD64F5100ADA919 /* LocalGroceryLoader.swift */,
				1AC8EC6D2CD6537A00ADA919 /* LocalGroceryDeleter.swift */,
				1AC8EC6F2CD65BA900ADA919 /* LocalGroceryAdder.swift */,
			);
			path = Store;
			sourceTree = "<group>";
		};
		1AC8EC682CD64FB000ADA919 /* View */ = {
			isa = PBXGroup;
			children = (
				1AC8EC692CD64FCE00ADA919 /* GroceriesViewModel.swift */,
				1A6E4B912C54E28A009DCB5B /* ContentView.swift */,
			);
			path = View;
			sourceTree = "<group>";
		};
/* End PBXGroup section */

/* Begin PBXNativeTarget section */
		1A1C51222CE44B2700EC84AA /* GroceriesTests */ = {
			isa = PBXNativeTarget;
			buildConfigurationList = 1A1C512B2CE44B2700EC84AA /* Build configuration list for PBXNativeTarget "GroceriesTests" */;
			buildPhases = (
				1A1C511F2CE44B2700EC84AA /* Sources */,
				1A1C51202CE44B2700EC84AA /* Frameworks */,
				1A1C51212CE44B2700EC84AA /* Resources */,
			);
			buildRules = (
			);
			dependencies = (
				1A1C51282CE44B2700EC84AA /* PBXTargetDependency */,
			);
			fileSystemSynchronizedGroups = (
				1A1C51242CE44B2700EC84AA /* GroceriesTests */,
			);
			name = GroceriesTests;
			packageProductDependencies = (
			);
			productName = GroceriesTests;
			productReference = 1A1C51232CE44B2700EC84AA /* GroceriesTests.xctest */;
			productType = "com.apple.product-type.bundle.unit-test";
		};
		1A6E4B8B2C54E28A009DCB5B /* Groceries */ = {
			isa = PBXNativeTarget;
			buildConfigurationList = 1A6E4B9D2C54E28E009DCB5B /* Build configuration list for PBXNativeTarget "Groceries" */;
			buildPhases = (
				1A6E4B882C54E28A009DCB5B /* Sources */,
				1A6E4B892C54E28A009DCB5B /* Frameworks */,
				1A6E4B8A2C54E28A009DCB5B /* Resources */,
				1AA2C3572CEC29EA0095B65F /* Embed Foundation Extensions */,
			);
			buildRules = (
			);
			dependencies = (
				1AA2C3552CEC29EA0095B65F /* PBXTargetDependency */,
			);
			name = Groceries;
			productName = Groceries;
			productReference = 1A6E4B8C2C54E28A009DCB5B /* Groceries.app */;
			productType = "com.apple.product-type.application";
		};
		1AA2C3442CEC29E90095B65F /* GroceriesWidgetExtensionExtension */ = {
			isa = PBXNativeTarget;
			buildConfigurationList = 1AA2C35B2CEC29EA0095B65F /* Build configuration list for PBXNativeTarget "GroceriesWidgetExtensionExtension" */;
			buildPhases = (
				1AA2C3412CEC29E90095B65F /* Sources */,
				1AA2C3422CEC29E90095B65F /* Frameworks */,
				1AA2C3432CEC29E90095B65F /* Resources */,
			);
			buildRules = (
			);
			dependencies = (
			);
			fileSystemSynchronizedGroups = (
				1AA2C34B2CEC29E90095B65F /* GroceriesWidgetExtension */,
			);
			name = GroceriesWidgetExtensionExtension;
			packageProductDependencies = (
			);
			productName = GroceriesWidgetExtensionExtension;
			productReference = 1AA2C3452CEC29E90095B65F /* GroceriesWidgetExtensionExtension.appex */;
			productType = "com.apple.product-type.app-extension";
		};
/* End PBXNativeTarget section */

/* Begin PBXProject section */
		1A6E4B842C54E28A009DCB5B /* Project object */ = {
			isa = PBXProject;
			attributes = {
				BuildIndependentTargetsInParallel = 1;
				LastSwiftUpdateCheck = 1610;
				LastUpgradeCheck = 1540;
				TargetAttributes = {
					1A1C51222CE44B2700EC84AA = {
						CreatedOnToolsVersion = 16.1;
						TestTargetID = 1A6E4B8B2C54E28A009DCB5B;
					};
					1A6E4B8B2C54E28A009DCB5B = {
						CreatedOnToolsVersion = 15.4;
					};
					1AA2C3442CEC29E90095B65F = {
						CreatedOnToolsVersion = 16.1;
					};
				};
			};
			buildConfigurationList = 1A6E4B872C54E28A009DCB5B /* Build configuration list for PBXProject "Groceries" */;
			compatibilityVersion = "Xcode 14.0";
			developmentRegion = en;
			hasScannedForEncodings = 0;
			knownRegions = (
				en,
				Base,
			);
			mainGroup = 1A6E4B832C54E28A009DCB5B;
			productRefGroup = 1A6E4B8D2C54E28A009DCB5B /* Products */;
			projectDirPath = "";
			projectRoot = "";
			targets = (
				1A6E4B8B2C54E28A009DCB5B /* Groceries */,
				1A1C51222CE44B2700EC84AA /* GroceriesTests */,
				1AA2C3442CEC29E90095B65F /* GroceriesWidgetExtensionExtension */,
			);
		};
/* End PBXProject section */

/* Begin PBXResourcesBuildPhase section */
		1A1C51212CE44B2700EC84AA /* Resources */ = {
			isa = PBXResourcesBuildPhase;
			buildActionMask = 2147483647;
			files = (
			);
			runOnlyForDeploymentPostprocessing = 0;
		};
		1A6E4B8A2C54E28A009DCB5B /* Resources */ = {
			isa = PBXResourcesBuildPhase;
			buildActionMask = 2147483647;
			files = (
				1A6E4B9A2C54E28E009DCB5B /* Preview Assets.xcassets in Resources */,
				1A6E4B962C54E28E009DCB5B /* Assets.xcassets in Resources */,
			);
			runOnlyForDeploymentPostprocessing = 0;
		};
		1AA2C3432CEC29E90095B65F /* Resources */ = {
			isa = PBXResourcesBuildPhase;
			buildActionMask = 2147483647;
			files = (
			);
			runOnlyForDeploymentPostprocessing = 0;
		};
/* End PBXResourcesBuildPhase section */

/* Begin PBXSourcesBuildPhase section */
		1A1C511F2CE44B2700EC84AA /* Sources */ = {
			isa = PBXSourcesBuildPhase;
			buildActionMask = 2147483647;
			files = (
			);
			runOnlyForDeploymentPostprocessing = 0;
		};
		1A6E4B882C54E28A009DCB5B /* Sources */ = {
			isa = PBXSourcesBuildPhase;
			buildActionMask = 2147483647;
			files = (
				1AC8EC722CD65BEC00ADA919 /* GroceryAdder.swift in Sources */,
				1A9D3DEB2C563CFA0063F010 /* GroceriesAppShortcutProvider.swift in Sources */,
				1AC8EC6C2CD6536700ADA919 /* GroceryDeleter.swift in Sources */,
				1A4964E12CDF1E5800D9DCD6 /* RemoveAllGroceriesIntent.swift in Sources */,
				1AC8EC742CD6658F00ADA919 /* OpenGroceriesIntentViewModel.swift in Sources */,
				1A6E4B922C54E28A009DCB5B /* ContentView.swift in Sources */,
				1AC8EC6E2CD6537A00ADA919 /* LocalGroceryDeleter.swift in Sources */,
				1AC8EC6A2CD64FCE00ADA919 /* GroceriesViewModel.swift in Sources */,
				1A0624F32CE1AEA300B2E41F /* AddItemToGroceriesIntent.swift in Sources */,
				1A6E4B942C54E28A009DCB5B /* GroceryItem.swift in Sources */,
				1AC8EC672CD64F5100ADA919 /* LocalGroceryLoader.swift in Sources */,
				1A6E4B902C54E28A009DCB5B /* GroceriesApp.swift in Sources */,
				1AC8EC642CD64F0800ADA919 /* GroceryLoader.swift in Sources */,
				1A9D3DE92C562EEF0063F010 /* ShowGroceriesIntent.swift in Sources */,
				1AC8EC702CD65BA900ADA919 /* LocalGroceryAdder.swift in Sources */,
			);
			runOnlyForDeploymentPostprocessing = 0;
		};
		1AA2C3412CEC29E90095B65F /* Sources */ = {
			isa = PBXSourcesBuildPhase;
			buildActionMask = 2147483647;
			files = (
			);
			runOnlyForDeploymentPostprocessing = 0;
		};
/* End PBXSourcesBuildPhase section */

/* Begin PBXTargetDependency section */
		1A1C51282CE44B2700EC84AA /* PBXTargetDependency */ = {
			isa = PBXTargetDependency;
			target = 1A6E4B8B2C54E28A009DCB5B /* Groceries */;
			targetProxy = 1A1C51272CE44B2700EC84AA /* PBXContainerItemProxy */;
		};
		1AA2C3552CEC29EA0095B65F /* PBXTargetDependency */ = {
			isa = PBXTargetDependency;
			target = 1AA2C3442CEC29E90095B65F /* GroceriesWidgetExtensionExtension */;
			targetProxy = 1AA2C3542CEC29EA0095B65F /* PBXContainerItemProxy */;
		};
/* End PBXTargetDependency section */

/* Begin XCBuildConfiguration section */
		1A1C51292CE44B2700EC84AA /* Debug */ = {
			isa = XCBuildConfiguration;
			buildSettings = {
				BUNDLE_LOADER = "$(TEST_HOST)";
				CODE_SIGN_STYLE = Automatic;
				CURRENT_PROJECT_VERSION = 1;
				DEVELOPMENT_TEAM = V6T249GHKX;
				GENERATE_INFOPLIST_FILE = YES;
				IPHONEOS_DEPLOYMENT_TARGET = 18.1;
				MACOSX_DEPLOYMENT_TARGET = 14.5;
				MARKETING_VERSION = 1.0;
				PRODUCT_BUNDLE_IDENTIFIER = com.arifinfrds.GroceriesTests;
				PRODUCT_NAME = "$(TARGET_NAME)";
				SDKROOT = auto;
				SUPPORTED_PLATFORMS = "iphoneos iphonesimulator macosx xros xrsimulator";
				SWIFT_EMIT_LOC_STRINGS = NO;
				SWIFT_VERSION = 5.0;
				TARGETED_DEVICE_FAMILY = "1,2,7";
				TEST_HOST = "$(BUILT_PRODUCTS_DIR)/Groceries.app/$(BUNDLE_EXECUTABLE_FOLDER_PATH)/Groceries";
				XROS_DEPLOYMENT_TARGET = 2.1;
			};
			name = Debug;
		};
		1A1C512A2CE44B2700EC84AA /* Release */ = {
			isa = XCBuildConfiguration;
			buildSettings = {
				BUNDLE_LOADER = "$(TEST_HOST)";
				CODE_SIGN_STYLE = Automatic;
				CURRENT_PROJECT_VERSION = 1;
				DEVELOPMENT_TEAM = V6T249GHKX;
				GENERATE_INFOPLIST_FILE = YES;
				IPHONEOS_DEPLOYMENT_TARGET = 18.1;
				MACOSX_DEPLOYMENT_TARGET = 14.5;
				MARKETING_VERSION = 1.0;
				PRODUCT_BUNDLE_IDENTIFIER = com.arifinfrds.GroceriesTests;
				PRODUCT_NAME = "$(TARGET_NAME)";
				SDKROOT = auto;
				SUPPORTED_PLATFORMS = "iphoneos iphonesimulator macosx xros xrsimulator";
				SWIFT_EMIT_LOC_STRINGS = NO;
				SWIFT_VERSION = 5.0;
				TARGETED_DEVICE_FAMILY = "1,2,7";
				TEST_HOST = "$(BUILT_PRODUCTS_DIR)/Groceries.app/$(BUNDLE_EXECUTABLE_FOLDER_PATH)/Groceries";
				XROS_DEPLOYMENT_TARGET = 2.1;
			};
			name = Release;
		};
		1A6E4B9B2C54E28E009DCB5B /* Debug */ = {
			isa = XCBuildConfiguration;
			buildSettings = {
				ALWAYS_SEARCH_USER_PATHS = NO;
				ASSETCATALOG_COMPILER_GENERATE_SWIFT_ASSET_SYMBOL_EXTENSIONS = YES;
				CLANG_ANALYZER_NONNULL = YES;
				CLANG_ANALYZER_NUMBER_OBJECT_CONVERSION = YES_AGGRESSIVE;
				CLANG_CXX_LANGUAGE_STANDARD = "gnu++20";
				CLANG_ENABLE_MODULES = YES;
				CLANG_ENABLE_OBJC_ARC = YES;
				CLANG_ENABLE_OBJC_WEAK = YES;
				CLANG_WARN_BLOCK_CAPTURE_AUTORELEASING = YES;
				CLANG_WARN_BOOL_CONVERSION = YES;
				CLANG_WARN_COMMA = YES;
				CLANG_WARN_CONSTANT_CONVERSION = YES;
				CLANG_WARN_DEPRECATED_OBJC_IMPLEMENTATIONS = YES;
				CLANG_WARN_DIRECT_OBJC_ISA_USAGE = YES_ERROR;
				CLANG_WARN_DOCUMENTATION_COMMENTS = YES;
				CLANG_WARN_EMPTY_BODY = YES;
				CLANG_WARN_ENUM_CONVERSION = YES;
				CLANG_WARN_INFINITE_RECURSION = YES;
				CLANG_WARN_INT_CONVERSION = YES;
				CLANG_WARN_NON_LITERAL_NULL_CONVERSION = YES;
				CLANG_WARN_OBJC_IMPLICIT_RETAIN_SELF = YES;
				CLANG_WARN_OBJC_LITERAL_CONVERSION = YES;
				CLANG_WARN_OBJC_ROOT_CLASS = YES_ERROR;
				CLANG_WARN_QUOTED_INCLUDE_IN_FRAMEWORK_HEADER = YES;
				CLANG_WARN_RANGE_LOOP_ANALYSIS = YES;
				CLANG_WARN_STRICT_PROTOTYPES = YES;
				CLANG_WARN_SUSPICIOUS_MOVE = YES;
				CLANG_WARN_UNGUARDED_AVAILABILITY = YES_AGGRESSIVE;
				CLANG_WARN_UNREACHABLE_CODE = YES;
				CLANG_WARN__DUPLICATE_METHOD_MATCH = YES;
				COPY_PHASE_STRIP = NO;
				DEBUG_INFORMATION_FORMAT = dwarf;
				ENABLE_STRICT_OBJC_MSGSEND = YES;
				ENABLE_TESTABILITY = YES;
				ENABLE_USER_SCRIPT_SANDBOXING = YES;
				GCC_C_LANGUAGE_STANDARD = gnu17;
				GCC_DYNAMIC_NO_PIC = NO;
				GCC_NO_COMMON_BLOCKS = YES;
				GCC_OPTIMIZATION_LEVEL = 0;
				GCC_PREPROCESSOR_DEFINITIONS = (
					"DEBUG=1",
					"$(inherited)",
				);
				GCC_WARN_64_TO_32_BIT_CONVERSION = YES;
				GCC_WARN_ABOUT_RETURN_TYPE = YES_ERROR;
				GCC_WARN_UNDECLARED_SELECTOR = YES;
				GCC_WARN_UNINITIALIZED_AUTOS = YES_AGGRESSIVE;
				GCC_WARN_UNUSED_FUNCTION = YES;
				GCC_WARN_UNUSED_VARIABLE = YES;
				LOCALIZATION_PREFERS_STRING_CATALOGS = YES;
				MTL_ENABLE_DEBUG_INFO = INCLUDE_SOURCE;
				MTL_FAST_MATH = YES;
				ONLY_ACTIVE_ARCH = YES;
				SWIFT_ACTIVE_COMPILATION_CONDITIONS = "DEBUG $(inherited)";
				SWIFT_OPTIMIZATION_LEVEL = "-Onone";
			};
			name = Debug;
		};
		1A6E4B9C2C54E28E009DCB5B /* Release */ = {
			isa = XCBuildConfiguration;
			buildSettings = {
				ALWAYS_SEARCH_USER_PATHS = NO;
				ASSETCATALOG_COMPILER_GENERATE_SWIFT_ASSET_SYMBOL_EXTENSIONS = YES;
				CLANG_ANALYZER_NONNULL = YES;
				CLANG_ANALYZER_NUMBER_OBJECT_CONVERSION = YES_AGGRESSIVE;
				CLANG_CXX_LANGUAGE_STANDARD = "gnu++20";
				CLANG_ENABLE_MODULES = YES;
				CLANG_ENABLE_OBJC_ARC = YES;
				CLANG_ENABLE_OBJC_WEAK = YES;
				CLANG_WARN_BLOCK_CAPTURE_AUTORELEASING = YES;
				CLANG_WARN_BOOL_CONVERSION = YES;
				CLANG_WARN_COMMA = YES;
				CLANG_WARN_CONSTANT_CONVERSION = YES;
				CLANG_WARN_DEPRECATED_OBJC_IMPLEMENTATIONS = YES;
				CLANG_WARN_DIRECT_OBJC_ISA_USAGE = YES_ERROR;
				CLANG_WARN_DOCUMENTATION_COMMENTS = YES;
				CLANG_WARN_EMPTY_BODY = YES;
				CLANG_WARN_ENUM_CONVERSION = YES;
				CLANG_WARN_INFINITE_RECURSION = YES;
				CLANG_WARN_INT_CONVERSION = YES;
				CLANG_WARN_NON_LITERAL_NULL_CONVERSION = YES;
				CLANG_WARN_OBJC_IMPLICIT_RETAIN_SELF = YES;
				CLANG_WARN_OBJC_LITERAL_CONVERSION = YES;
				CLANG_WARN_OBJC_ROOT_CLASS = YES_ERROR;
				CLANG_WARN_QUOTED_INCLUDE_IN_FRAMEWORK_HEADER = YES;
				CLANG_WARN_RANGE_LOOP_ANALYSIS = YES;
				CLANG_WARN_STRICT_PROTOTYPES = YES;
				CLANG_WARN_SUSPICIOUS_MOVE = YES;
				CLANG_WARN_UNGUARDED_AVAILABILITY = YES_AGGRESSIVE;
				CLANG_WARN_UNREACHABLE_CODE = YES;
				CLANG_WARN__DUPLICATE_METHOD_MATCH = YES;
				COPY_PHASE_STRIP = NO;
				DEBUG_INFORMATION_FORMAT = "dwarf-with-dsym";
				ENABLE_NS_ASSERTIONS = NO;
				ENABLE_STRICT_OBJC_MSGSEND = YES;
				ENABLE_USER_SCRIPT_SANDBOXING = YES;
				GCC_C_LANGUAGE_STANDARD = gnu17;
				GCC_NO_COMMON_BLOCKS = YES;
				GCC_WARN_64_TO_32_BIT_CONVERSION = YES;
				GCC_WARN_ABOUT_RETURN_TYPE = YES_ERROR;
				GCC_WARN_UNDECLARED_SELECTOR = YES;
				GCC_WARN_UNINITIALIZED_AUTOS = YES_AGGRESSIVE;
				GCC_WARN_UNUSED_FUNCTION = YES;
				GCC_WARN_UNUSED_VARIABLE = YES;
				LOCALIZATION_PREFERS_STRING_CATALOGS = YES;
				MTL_ENABLE_DEBUG_INFO = NO;
				MTL_FAST_MATH = YES;
				SWIFT_COMPILATION_MODE = wholemodule;
			};
			name = Release;
		};
		1A6E4B9E2C54E28E009DCB5B /* Debug */ = {
			isa = XCBuildConfiguration;
			buildSettings = {
				ASSETCATALOG_COMPILER_APPICON_NAME = AppIcon;
				ASSETCATALOG_COMPILER_GLOBAL_ACCENT_COLOR_NAME = AccentColor;
				CODE_SIGN_ENTITLEMENTS = Groceries/Groceries.entitlements;
				CODE_SIGN_STYLE = Automatic;
				CURRENT_PROJECT_VERSION = 1;
				DEVELOPMENT_ASSET_PATHS = "\"Groceries/Preview Content\"";
				DEVELOPMENT_TEAM = V6T249GHKX;
				ENABLE_HARDENED_RUNTIME = YES;
				ENABLE_PREVIEWS = YES;
				GENERATE_INFOPLIST_FILE = YES;
				"INFOPLIST_KEY_UIApplicationSceneManifest_Generation[sdk=iphoneos*]" = YES;
				"INFOPLIST_KEY_UIApplicationSceneManifest_Generation[sdk=iphonesimulator*]" = YES;
				"INFOPLIST_KEY_UIApplicationSupportsIndirectInputEvents[sdk=iphoneos*]" = YES;
				"INFOPLIST_KEY_UIApplicationSupportsIndirectInputEvents[sdk=iphonesimulator*]" = YES;
				"INFOPLIST_KEY_UILaunchScreen_Generation[sdk=iphoneos*]" = YES;
				"INFOPLIST_KEY_UILaunchScreen_Generation[sdk=iphonesimulator*]" = YES;
				"INFOPLIST_KEY_UIStatusBarStyle[sdk=iphoneos*]" = UIStatusBarStyleDefault;
				"INFOPLIST_KEY_UIStatusBarStyle[sdk=iphonesimulator*]" = UIStatusBarStyleDefault;
				INFOPLIST_KEY_UISupportedInterfaceOrientations_iPad = "UIInterfaceOrientationPortrait UIInterfaceOrientationPortraitUpsideDown UIInterfaceOrientationLandscapeLeft UIInterfaceOrientationLandscapeRight";
				INFOPLIST_KEY_UISupportedInterfaceOrientations_iPhone = "UIInterfaceOrientationPortrait UIInterfaceOrientationLandscapeLeft UIInterfaceOrientationLandscapeRight";
				IPHONEOS_DEPLOYMENT_TARGET = 17.5;
				LD_RUNPATH_SEARCH_PATHS = "@executable_path/Frameworks";
				"LD_RUNPATH_SEARCH_PATHS[sdk=macosx*]" = "@executable_path/../Frameworks";
				MACOSX_DEPLOYMENT_TARGET = 14.0;
				MARKETING_VERSION = 1.0;
				PRODUCT_BUNDLE_IDENTIFIER = com.arifinfrds.Groceries;
				PRODUCT_NAME = "$(TARGET_NAME)";
				SDKROOT = auto;
				SUPPORTED_PLATFORMS = "iphoneos iphonesimulator macosx";
				SWIFT_EMIT_LOC_STRINGS = YES;
				SWIFT_VERSION = 5.0;
				TARGETED_DEVICE_FAMILY = "1,2";
			};
			name = Debug;
		};
		1A6E4B9F2C54E28E009DCB5B /* Release */ = {
			isa = XCBuildConfiguration;
			buildSettings = {
				ASSETCATALOG_COMPILER_APPICON_NAME = AppIcon;
				ASSETCATALOG_COMPILER_GLOBAL_ACCENT_COLOR_NAME = AccentColor;
				CODE_SIGN_ENTITLEMENTS = Groceries/Groceries.entitlements;
				CODE_SIGN_STYLE = Automatic;
				CURRENT_PROJECT_VERSION = 1;
				DEVELOPMENT_ASSET_PATHS = "\"Groceries/Preview Content\"";
				DEVELOPMENT_TEAM = V6T249GHKX;
				ENABLE_HARDENED_RUNTIME = YES;
				ENABLE_PREVIEWS = YES;
				GENERATE_INFOPLIST_FILE = YES;
				"INFOPLIST_KEY_UIApplicationSceneManifest_Generation[sdk=iphoneos*]" = YES;
				"INFOPLIST_KEY_UIApplicationSceneManifest_Generation[sdk=iphonesimulator*]" = YES;
				"INFOPLIST_KEY_UIApplicationSupportsIndirectInputEvents[sdk=iphoneos*]" = YES;
				"INFOPLIST_KEY_UIApplicationSupportsIndirectInputEvents[sdk=iphonesimulator*]" = YES;
				"INFOPLIST_KEY_UILaunchScreen_Generation[sdk=iphoneos*]" = YES;
				"INFOPLIST_KEY_UILaunchScreen_Generation[sdk=iphonesimulator*]" = YES;
				"INFOPLIST_KEY_UIStatusBarStyle[sdk=iphoneos*]" = UIStatusBarStyleDefault;
				"INFOPLIST_KEY_UIStatusBarStyle[sdk=iphonesimulator*]" = UIStatusBarStyleDefault;
				INFOPLIST_KEY_UISupportedInterfaceOrientations_iPad = "UIInterfaceOrientationPortrait UIInterfaceOrientationPortraitUpsideDown UIInterfaceOrientationLandscapeLeft UIInterfaceOrientationLandscapeRight";
				INFOPLIST_KEY_UISupportedInterfaceOrientations_iPhone = "UIInterfaceOrientationPortrait UIInterfaceOrientationLandscapeLeft UIInterfaceOrientationLandscapeRight";
				IPHONEOS_DEPLOYMENT_TARGET = 17.5;
				LD_RUNPATH_SEARCH_PATHS = "@executable_path/Frameworks";
				"LD_RUNPATH_SEARCH_PATHS[sdk=macosx*]" = "@executable_path/../Frameworks";
				MACOSX_DEPLOYMENT_TARGET = 14.0;
				MARKETING_VERSION = 1.0;
				PRODUCT_BUNDLE_IDENTIFIER = com.arifinfrds.Groceries;
				PRODUCT_NAME = "$(TARGET_NAME)";
				SDKROOT = auto;
				SUPPORTED_PLATFORMS = "iphoneos iphonesimulator macosx";
				SWIFT_EMIT_LOC_STRINGS = YES;
				SWIFT_VERSION = 5.0;
				TARGETED_DEVICE_FAMILY = "1,2";
			};
			name = Release;
		};
		1AA2C3582CEC29EA0095B65F /* Debug */ = {
			isa = XCBuildConfiguration;
			buildSettings = {
				ASSETCATALOG_COMPILER_GLOBAL_ACCENT_COLOR_NAME = AccentColor;
				ASSETCATALOG_COMPILER_WIDGET_BACKGROUND_COLOR_NAME = WidgetBackground;
				CODE_SIGN_ENTITLEMENTS = GroceriesWidgetExtension/GroceriesWidgetExtension.entitlements;
				CODE_SIGN_STYLE = Automatic;
				CURRENT_PROJECT_VERSION = 1;
				DEVELOPMENT_TEAM = V6T249GHKX;
				ENABLE_HARDENED_RUNTIME = YES;
				GENERATE_INFOPLIST_FILE = YES;
				INFOPLIST_FILE = GroceriesWidgetExtension/Info.plist;
				INFOPLIST_KEY_CFBundleDisplayName = GroceriesWidgetExtension;
				INFOPLIST_KEY_NSHumanReadableCopyright = "";
				IPHONEOS_DEPLOYMENT_TARGET = 18.1;
				LD_RUNPATH_SEARCH_PATHS = (
					"$(inherited)",
					"@executable_path/Frameworks",
					"@executable_path/../../Frameworks",
				);
				"LD_RUNPATH_SEARCH_PATHS[sdk=macosx*]" = (
					"$(inherited)",
					"@executable_path/../Frameworks",
					"@executable_path/../../../../Frameworks",
				);
				MACOSX_DEPLOYMENT_TARGET = 14.5;
				MARKETING_VERSION = 1.0;
				PRODUCT_BUNDLE_IDENTIFIER = com.arifinfrds.Groceries.GroceriesWidgetExtension;
				PRODUCT_NAME = "$(TARGET_NAME)";
				SDKROOT = auto;
				SKIP_INSTALL = YES;
				SUPPORTED_PLATFORMS = "iphoneos iphonesimulator macosx xros xrsimulator";
				SWIFT_EMIT_LOC_STRINGS = YES;
				SWIFT_VERSION = 5.0;
				TARGETED_DEVICE_FAMILY = "1,2,7";
				XROS_DEPLOYMENT_TARGET = 2.1;
			};
			name = Debug;
		};
		1AA2C3592CEC29EA0095B65F /* Release */ = {
			isa = XCBuildConfiguration;
			buildSettings = {
				ASSETCATALOG_COMPILER_GLOBAL_ACCENT_COLOR_NAME = AccentColor;
				ASSETCATALOG_COMPILER_WIDGET_BACKGROUND_COLOR_NAME = WidgetBackground;
				CODE_SIGN_ENTITLEMENTS = GroceriesWidgetExtension/GroceriesWidgetExtension.entitlements;
				CODE_SIGN_STYLE = Automatic;
				CURRENT_PROJECT_VERSION = 1;
				DEVELOPMENT_TEAM = V6T249GHKX;
				ENABLE_HARDENED_RUNTIME = YES;
				GENERATE_INFOPLIST_FILE = YES;
				INFOPLIST_FILE = GroceriesWidgetExtension/Info.plist;
				INFOPLIST_KEY_CFBundleDisplayName = GroceriesWidgetExtension;
				INFOPLIST_KEY_NSHumanReadableCopyright = "";
				IPHONEOS_DEPLOYMENT_TARGET = 18.1;
				LD_RUNPATH_SEARCH_PATHS = (
					"$(inherited)",
					"@executable_path/Frameworks",
					"@executable_path/../../Frameworks",
				);
				"LD_RUNPATH_SEARCH_PATHS[sdk=macosx*]" = (
					"$(inherited)",
					"@executable_path/../Frameworks",
					"@executable_path/../../../../Frameworks",
				);
				MACOSX_DEPLOYMENT_TARGET = 14.5;
				MARKETING_VERSION = 1.0;
				PRODUCT_BUNDLE_IDENTIFIER = com.arifinfrds.Groceries.GroceriesWidgetExtension;
				PRODUCT_NAME = "$(TARGET_NAME)";
				SDKROOT = auto;
				SKIP_INSTALL = YES;
				SUPPORTED_PLATFORMS = "iphoneos iphonesimulator macosx xros xrsimulator";
				SWIFT_EMIT_LOC_STRINGS = YES;
				SWIFT_VERSION = 5.0;
				TARGETED_DEVICE_FAMILY = "1,2,7";
				XROS_DEPLOYMENT_TARGET = 2.1;
			};
			name = Release;
		};
/* End XCBuildConfiguration section */

/* Begin XCConfigurationList section */
		1A1C512B2CE44B2700EC84AA /* Build configuration list for PBXNativeTarget "GroceriesTests" */ = {
			isa = XCConfigurationList;
			buildConfigurations = (
				1A1C51292CE44B2700EC84AA /* Debug */,
				1A1C512A2CE44B2700EC84AA /* Release */,
			);
			defaultConfigurationIsVisible = 0;
			defaultConfigurationName = Release;
		};
		1A6E4B872C54E28A009DCB5B /* Build configuration list for PBXProject "Groceries" */ = {
			isa = XCConfigurationList;
			buildConfigurations = (
				1A6E4B9B2C54E28E009DCB5B /* Debug */,
				1A6E4B9C2C54E28E009DCB5B /* Release */,
			);
			defaultConfigurationIsVisible = 0;
			defaultConfigurationName = Release;
		};
		1A6E4B9D2C54E28E009DCB5B /* Build configuration list for PBXNativeTarget "Groceries" */ = {
			isa = XCConfigurationList;
			buildConfigurations = (
				1A6E4B9E2C54E28E009DCB5B /* Debug */,
				1A6E4B9F2C54E28E009DCB5B /* Release */,
			);
			defaultConfigurationIsVisible = 0;
			defaultConfigurationName = Release;
		};
		1AA2C35B2CEC29EA0095B65F /* Build configuration list for PBXNativeTarget "GroceriesWidgetExtensionExtension" */ = {
			isa = XCConfigurationList;
			buildConfigurations = (
				1AA2C3582CEC29EA0095B65F /* Debug */,
				1AA2C3592CEC29EA0095B65F /* Release */,
			);
			defaultConfigurationIsVisible = 0;
			defaultConfigurationName = Release;
		};
/* End XCConfigurationList section */
	};
	rootObject = 1A6E4B842C54E28A009DCB5B /* Project object */;
}
